# This file was autogenerated by Stack.
# You should not edit this file by hand.
# For more information, please see the documentation at:
#   https://docs.haskellstack.org/en/stable/lock_files

packages:
- completed:
    commit: 18c8143e866b099b81e711891fbbc7e145709412
    git: https://github.com/Pctg-x8/haskell-github-actions-workflow-generator
    name: haskell-github-actions-workflow-generator
    pantry-tree:
      sha256: 8bcd81e0cdc68b62cb3f6fd0ee53d4f11bb560182f713aa22dba4ea654858246
      size: 4011
    version: 0.1.0.0
  original:
    commit: 18c8143e866b099b81e711891fbbc7e145709412
    git: https://github.com/Pctg-x8/haskell-github-actions-workflow-generator
snapshots:
- completed:
    sha256: 53a2800f7fe0c4628af0e7d5e985707dd3af9863ac3983a43c835dbaa8ed5f35
    size: 714094
    url: https://raw.githubusercontent.com/commercialhaskell/stackage-snapshots/master/lts/22/3.yaml
  original:
    url: https://raw.githubusercontent.com/commercialhaskell/stackage-snapshots/master/lts/22/3.yaml
